
Microsoft Visual Studio Solution File, Format Version 12.00
# Visual Studio Version 17
VisualStudioVersion = 17.11.35219.272
MinimumVisualStudioVersion = 10.0.40219.1
Project("{9A19103F-16F7-4668-BE54-9A1E7A4F7556}") = "Caparace", "Caparace\Caparace.csproj", "{66895B3D-5BE4-49E4-84B2-E8DE40596A48}"
EndProject
Project("{FAE04EC0-301F-11D3-BF4B-00C04F79EFBC}") = "BlazorAppCaparace", "BlazorAppCaparace\BlazorAppCaparace.csproj", "{3C454BDE-031A-447B-A281-C9517078E90A}"
EndProject
Global
	GlobalSection(SolutionConfigurationPlatforms) = preSolution
		Debug|Any CPU = Debug|Any CPU
		Release|Any CPU = Release|Any CPU
	EndGlobalSection
	GlobalSection(ProjectConfigurationPlatforms) = postSolution
		{66895B3D-5BE4-49E4-84B2-E8DE40596A48}.Debug|Any CPU.ActiveCfg = Debug|Any CPU
		{66895B3D-5BE4-49E4-84B2-E8DE40596A48}.Debug|Any CPU.Build.0 = Debug|Any CPU
		{66895B3D-5BE4-49E4-84B2-E8DE40596A48}.Release|Any CPU.ActiveCfg = Release|Any CPU
		{66895B3D-5BE4-49E4-84B2-E8DE40596A48}.Release|Any CPU.Build.0 = Release|Any CPU
		{3C454BDE-031A-447B-A281-C9517078E90A}.Debug|Any CPU.ActiveCfg = Debug|Any CPU
		{3C454BDE-031A-447B-A281-C9517078E90A}.Debug|Any CPU.Build.0 = Debug|Any CPU
		{3C454BDE-031A-447B-A281-C9517078E90A}.Release|Any CPU.ActiveCfg = Release|Any CPU
		{3C454BDE-031A-447B-A281-C9517078E90A}.Release|Any CPU.Build.0 = Release|Any CPU
	EndGlobalSection
	GlobalSection(SolutionProperties) = preSolution
		HideSolutionNode = FALSE
	EndGlobalSection
	GlobalSection(ExtensibilityGlobals) = postSolution
		SolutionGuid = {7DE18FC6-F917-405B-A83F-144BA5159707}
	EndGlobalSection
EndGlobal
